
Microsoft Visual Studio Solution File, Format Version 12.00
# Visual Studio Version 17
VisualStudioVersion = 17.5.33516.290
MinimumVisualStudioVersion = 10.0.40219.1
Project("{FAE04EC0-301F-11D3-BF4B-00C04F79EFBC}") = "LineCompare", "LineCompare\LineCompare.csproj", "{00E9779E-B48F-48F9-9FA6-16F5C5EF1CBC}"
EndProject
Global
	GlobalSection(SolutionConfigurationPlatforms) = preSolution
		Debug|Any CPU = Debug|Any CPU
		Release|Any CPU = Release|Any CPU
	EndGlobalSection
	GlobalSection(ProjectConfigurationPlatforms) = postSolution
		{00E9779E-B48F-48F9-9FA6-16F5C5EF1CBC}.Debug|Any CPU.ActiveCfg = Debug|Any CPU
		{00E9779E-B48F-48F9-9FA6-16F5C5EF1CBC}.Debug|Any CPU.Build.0 = Debug|Any CPU
		{00E9779E-B48F-48F9-9FA6-16F5C5EF1CBC}.Release|Any CPU.ActiveCfg = Release|Any CPU
		{00E9779E-B48F-48F9-9FA6-16F5C5EF1CBC}.Release|Any CPU.Build.0 = Release|Any CPU
	EndGlobalSection
	GlobalSection(SolutionProperties) = preSolution
		HideSolutionNode = FALSE
	EndGlobalSection
	GlobalSection(ExtensibilityGlobals) = postSolution
		SolutionGuid = {80E98F06-C7B8-4CC6-9405-FB776728DF12}
	EndGlobalSection
EndGlobal
